
Microsoft Visual Studio Solution File, Format Version 12.00
# Visual Studio Version 17
VisualStudioVersion = 17.5.33627.172
MinimumVisualStudioVersion = 10.0.40219.1
Project("{FAE04EC0-301F-11D3-BF4B-00C04F79EFBC}") = "CustomScpSpawnWeight", "CustomScpSpawnWeight.csproj", "{37830B11-5E5F-4D65-AED5-79B63FFD2519}"
EndProject
Global
	GlobalSection(SolutionConfigurationPlatforms) = preSolution
		Debug|Any CPU = Debug|Any CPU
		Release|Any CPU = Release|Any CPU
	EndGlobalSection
	GlobalSection(ProjectConfigurationPlatforms) = postSolution
		{37830B11-5E5F-4D65-AED5-79B63FFD2519}.Debug|Any CPU.ActiveCfg = Debug|Any CPU
		{37830B11-5E5F-4D65-AED5-79B63FFD2519}.Debug|Any CPU.Build.0 = Debug|Any CPU
		{37830B11-5E5F-4D65-AED5-79B63FFD2519}.Release|Any CPU.ActiveCfg = Release|Any CPU
		{37830B11-5E5F-4D65-AED5-79B63FFD2519}.Release|Any CPU.Build.0 = Release|Any CPU
	EndGlobalSection
	GlobalSection(SolutionProperties) = preSolution
		HideSolutionNode = FALSE
	EndGlobalSection
	GlobalSection(ExtensibilityGlobals) = postSolution
		SolutionGuid = {7A220BF1-98EF-4766-8179-B6B050BDE6C9}
	EndGlobalSection
EndGlobal
